
Microsoft Visual Studio Solution File, Format Version 12.00
# Visual Studio Version 17
VisualStudioVersion = 17.5.2.0
MinimumVisualStudioVersion = 10.0.40219.1
Project("{FAE04EC0-301F-11D3-BF4B-00C04F79EFBC}") = "KaiFlow.Timesheets.Maui", "KaiFlow.Timesheets.Maui.csproj", "{95A0303D-06FA-6207-33A0-F7AEC3E7EDA5}"
EndProject
Project("{FAE04EC0-301F-11D3-BF4B-00C04F79EFBC}") = "KaiFlow.Timesheets.Tests", "..\KaiFlow.Timesheets.Tests\KaiFlow.Timesheets.Tests.csproj", "{852A7C7D-9B11-4411-AA06-583AF6C26621}"
EndProject
Global
	GlobalSection(SolutionConfigurationPlatforms) = preSolution
		Debug|Any CPU = Debug|Any CPU
		Release|Any CPU = Release|Any CPU
	EndGlobalSection
	GlobalSection(ProjectConfigurationPlatforms) = postSolution
		{95A0303D-06FA-6207-33A0-F7AEC3E7EDA5}.Debug|Any CPU.ActiveCfg = Debug|AnyCPU|net10.0-windows10.0.19041.0
		{95A0303D-06FA-6207-33A0-F7AEC3E7EDA5}.Debug|Any CPU.Build.0 = Debug|AnyCPU|net10.0-windows10.0.19041.0
		{95A0303D-06FA-6207-33A0-F7AEC3E7EDA5}.Debug|Any CPU.Deploy.0 = Debug|AnyCPU|net10.0-windows10.0.19041.0
		{95A0303D-06FA-6207-33A0-F7AEC3E7EDA5}.Release|Any CPU.ActiveCfg = Release|AnyCPU|net10.0-windows10.0.19041.0
		{95A0303D-06FA-6207-33A0-F7AEC3E7EDA5}.Release|Any CPU.Build.0 = Release|AnyCPU|net10.0-windows10.0.19041.0
		{852A7C7D-9B11-4411-AA06-583AF6C26621}.Debug|Any CPU.ActiveCfg = Debug|Any CPU
		{852A7C7D-9B11-4411-AA06-583AF6C26621}.Debug|Any CPU.Build.0 = Debug|Any CPU
		{852A7C7D-9B11-4411-AA06-583AF6C26621}.Release|Any CPU.ActiveCfg = Release|Any CPU
		{852A7C7D-9B11-4411-AA06-583AF6C26621}.Release|Any CPU.Build.0 = Release|Any CPU
	EndGlobalSection
	GlobalSection(SolutionProperties) = preSolution
		HideSolutionNode = FALSE
	EndGlobalSection
	GlobalSection(ExtensibilityGlobals) = postSolution
		SolutionGuid = {17B73974-57A8-496C-8074-92DA72B0A04E}
	EndGlobalSection
EndGlobal
